// !$*UTF8*$!
{
	archiveVersion = 1;
	classes = {
	};
	objectVersion = 48;
	objects = {

/* Begin PBXBuildFile section */
		BA2A91DB228B1F3500FD9FBC /* AppDelegate.swift in Sources */ = {isa = PBXBuildFile; fileRef = BA2A91DA228B1F3500FD9FBC /* AppDelegate.swift */; };
		BA2A91DD228B1F3500FD9FBC /* ViewController.swift in Sources */ = {isa = PBXBuildFile; fileRef = BA2A91DC228B1F3500FD9FBC /* ViewController.swift */; };
		BA2A91E0228B1F3500FD9FBC /* Main.storyboard in Resources */ = {isa = PBXBuildFile; fileRef = BA2A91DE228B1F3500FD9FBC /* Main.storyboard */; };
		BA2A91E2228B1F3500FD9FBC /* Assets.xcassets in Resources */ = {isa = PBXBuildFile; fileRef = BA2A91E1228B1F3500FD9FBC /* Assets.xcassets */; };
		BA2A91ED228B2AEE00FD9FBC /* RadialGradient.png in Resources */ = {isa = PBXBuildFile; fileRef = BA2A91EC228B2AEE00FD9FBC /* RadialGradient.png */; };
		BA2A91EF228B2CF800FD9FBC /* circle.png in Resources */ = {isa = PBXBuildFile; fileRef = BA2A91EE228B2CF800FD9FBC /* circle.png */; };
/* End PBXBuildFile section */

/* Begin PBXFileReference section */
		BA2A91D7228B1F3500FD9FBC /* d00m    d00m🔥.app */ = {isa = PBXFileReference; explicitFileType = wrapper.application; includeInIndex = 0; path = "d00m    d00m🔥.app"; sourceTree = BUILT_PRODUCTS_DIR; };
		BA2A91DA228B1F3500FD9FBC /* AppDelegate.swift */ = {isa = PBXFileReference; lastKnownFileType = sourcecode.swift; path = AppDelegate.swift; sourceTree = "<group>"; };
		BA2A91DC228B1F3500FD9FBC /* ViewController.swift */ = {isa = PBXFileReference; lastKnownFileType = sourcecode.swift; path = ViewController.swift; sourceTree = "<group>"; };
		BA2A91DF228B1F3500FD9FBC /* Base */ = {isa = PBXFileReference; lastKnownFileType = file.storyboard; name = Base; path = Base.lproj/Main.storyboard; sourceTree = "<group>"; };
		BA2A91E1228B1F3500FD9FBC /* Assets.xcassets */ = {isa = PBXFileReference; lastKnownFileType = folder.assetcatalog; path = Assets.xcassets; sourceTree = "<group>"; };
		BA2A91E6228B1F3500FD9FBC /* Info.plist */ = {isa = PBXFileReference; lastKnownFileType = text.plist.xml; path = Info.plist; sourceTree = "<group>"; };
		BA2A91EC228B2AEE00FD9FBC /* RadialGradient.png */ = {isa = PBXFileReference; lastKnownFileType = image.png; path = RadialGradient.png; sourceTree = "<group>"; };
		BA2A91EE228B2CF800FD9FBC /* circle.png */ = {isa = PBXFileReference; lastKnownFileType = image.png; path = circle.png; sourceTree = "<group>"; };
/* End PBXFileReference section */

/* Begin PBXFrameworksBuildPhase section */
		BA2A91D4228B1F3500FD9FBC /* Frameworks */ = {
			isa = PBXFrameworksBuildPhase;
			buildActionMask = 2147483647;
			files = (
			);
			runOnlyForDeploymentPostprocessing = 0;
		};
/* End PBXFrameworksBuildPhase section */

/* Begin PBXGroup section */
		BA2A91CE228B1F3500FD9FBC = {
			isa = PBXGroup;
			children = (
				BA2A91D9228B1F3500FD9FBC /* d00m    d00m🔥 */,
				BA2A91D8228B1F3500FD9FBC /* Products */,
			);
			sourceTree = "<group>";
		};
		BA2A91D8228B1F3500FD9FBC /* Products */ = {
			isa = PBXGroup;
			children = (
				BA2A91D7228B1F3500FD9FBC /* d00m    d00m🔥.app */,
			);
			name = Products;
			sourceTree = "<group>";
		};
		BA2A91D9228B1F3500FD9FBC /* d00m    d00m🔥 */ = {
			isa = PBXGroup;
			children = (
				BA2A91DA228B1F3500FD9FBC /* AppDelegate.swift */,
				BA2A91DC228B1F3500FD9FBC /* ViewController.swift */,
				BA2A91DE228B1F3500FD9FBC /* Main.storyboard */,
				BA2A91E1228B1F3500FD9FBC /* Assets.xcassets */,
				BA2A91EC228B2AEE00FD9FBC /* RadialGradient.png */,
				BA2A91EE228B2CF800FD9FBC /* circle.png */,
				BA2A91E6228B1F3500FD9FBC /* Info.plist */,
			);
			path = "d00m    d00m🔥";
			sourceTree = "<group>";
		};
/* End PBXGroup section */

/* Begin PBXNativeTarget section */
		BA2A91D6228B1F3500FD9FBC /* d00m    d00m🔥 */ = {
			isa = PBXNativeTarget;
			buildConfigurationList = BA2A91E9228B1F3500FD9FBC /* Build configuration list for PBXNativeTarget "d00m    d00m🔥" */;
			buildPhases = (
				BA2A91D3228B1F3500FD9FBC /* Sources */,
				BA2A91D4228B1F3500FD9FBC /* Frameworks */,
				BA2A91D5228B1F3500FD9FBC /* Resources */,
			);
			buildRules = (
			);
			dependencies = (
			);
			name = "d00m    d00m🔥";
			productName = "d00m    d00m🔥";
			productReference = BA2A91D7228B1F3500FD9FBC /* d00m    d00m🔥.app */;
			productType = "com.apple.product-type.application";
		};
/* End PBXNativeTarget section */

/* Begin PBXProject section */
		BA2A91CF228B1F3500FD9FBC /* Project object */ = {
			isa = PBXProject;
			attributes = {
				LastSwiftUpdateCheck = 0920;
				LastUpgradeCheck = 0920;
				ORGANIZATIONNAME = alpacamel;
				TargetAttributes = {
					BA2A91D6228B1F3500FD9FBC = {
						CreatedOnToolsVersion = 9.2;
						ProvisioningStyle = Automatic;
					};
				};
			};
			buildConfigurationList = BA2A91D2228B1F3500FD9FBC /* Build configuration list for PBXProject "d00m    d00m🔥" */;
			compatibilityVersion = "Xcode 8.0";
			developmentRegion = en;
			hasScannedForEncodings = 0;
			knownRegions = (
				en,
				Base,
			);
			mainGroup = BA2A91CE228B1F3500FD9FBC;
			productRefGroup = BA2A91D8228B1F3500FD9FBC /* Products */;
			projectDirPath = "";
			projectRoot = "";
			targets = (
				BA2A91D6228B1F3500FD9FBC /* d00m    d00m🔥 */,
			);
		};
/* End PBXProject section */

/* Begin PBXResourcesBuildPhase section */
		BA2A91D5228B1F3500FD9FBC /* Resources */ = {
			isa = PBXResourcesBuildPhase;
			buildActionMask = 2147483647;
			files = (
				BA2A91ED228B2AEE00FD9FBC /* RadialGradient.png in Resources */,
				BA2A91EF228B2CF800FD9FBC /* circle.png in Resources */,
				BA2A91E2228B1F3500FD9FBC /* Assets.xcassets in Resources */,
				BA2A91E0228B1F3500FD9FBC /* Main.storyboard in Resources */,
			);
			runOnlyForDeploymentPostprocessing = 0;
		};
/* End PBXResourcesBuildPhase section */

/* Begin PBXSourcesBuildPhase section */
		BA2A91D3228B1F3500FD9FBC /* Sources */ = {
			isa = PBXSourcesBuildPhase;
			buildActionMask = 2147483647;
			files = (
				BA2A91DD228B1F3500FD9FBC /* ViewController.swift in Sources */,
				BA2A91DB228B1F3500FD9FBC /* AppDelegate.swift in Sources */,
			);
			runOnlyForDeploymentPostprocessing = 0;
		};
/* End PBXSourcesBuildPhase section */

/* Begin PBXVariantGroup section */
		BA2A91DE228B1F3500FD9FBC /* Main.storyboard */ = {
			isa = PBXVariantGroup;
			children = (
				BA2A91DF228B1F3500FD9FBC /* Base */,
			);
			name = Main.storyboard;
			sourceTree = "<group>";
		};
/* End PBXVariantGroup section */

/* Begin XCBuildConfiguration section */
		BA2A91E7228B1F3500FD9FBC /* Debug */ = {
			isa = XCBuildConfiguration;
			buildSettings = {
				ALWAYS_SEARCH_USER_PATHS = NO;
				CLANG_ANALYZER_NONNULL = YES;
				CLANG_ANALYZER_NUMBER_OBJECT_CONVERSION = YES_AGGRESSIVE;
				CLANG_CXX_LANGUAGE_STANDARD = "gnu++14";
				CLANG_CXX_LIBRARY = "libc++";
				CLANG_ENABLE_MODULES = YES;
				CLANG_ENABLE_OBJC_ARC = YES;
				CLANG_WARN_BLOCK_CAPTURE_AUTORELEASING = YES;
				CLANG_WARN_BOOL_CONVERSION = YES;
				CLANG_WARN_COMMA = YES;
				CLANG_WARN_CONSTANT_CONVERSION = YES;
				CLANG_WARN_DIRECT_OBJC_ISA_USAGE = YES_ERROR;
				CLANG_WARN_DOCUMENTATION_COMMENTS = YES;
				CLANG_WARN_EMPTY_BODY = YES;
				CLANG_WARN_ENUM_CONVERSION = YES;
				CLANG_WARN_INFINITE_RECURSION = YES;
				CLANG_WARN_INT_CONVERSION = YES;
				CLANG_WARN_NON_LITERAL_NULL_CONVERSION = YES;
				CLANG_WARN_OBJC_LITERAL_CONVERSION = YES;
				CLANG_WARN_OBJC_ROOT_CLASS = YES_ERROR;
				CLANG_WARN_RANGE_LOOP_ANALYSIS = YES;
				CLANG_WARN_STRICT_PROTOTYPES = YES;
				CLANG_WARN_SUSPICIOUS_MOVE = YES;
				CLANG_WARN_UNGUARDED_AVAILABILITY = YES_AGGRESSIVE;
				CLANG_WARN_UNREACHABLE_CODE = YES;
				CLANG_WARN__DUPLICATE_METHOD_MATCH = YES;
				CODE_SIGN_IDENTITY = "iPhone Developer";
				COPY_PHASE_STRIP = NO;
				DEBUG_INFORMATION_FORMAT = dwarf;
				ENABLE_STRICT_OBJC_MSGSEND = YES;
				ENABLE_TESTABILITY = YES;
				GCC_C_LANGUAGE_STANDARD = gnu11;
				GCC_DYNAMIC_NO_PIC = NO;
				GCC_NO_COMMON_BLOCKS = YES;
				GCC_OPTIMIZATION_LEVEL = 0;
				GCC_PREPROCESSOR_DEFINITIONS = (
					"DEBUG=1",
					"$(inherited)",
				);
				GCC_WARN_64_TO_32_BIT_CONVERSION = YES;
				GCC_WARN_ABOUT_RETURN_TYPE = YES_ERROR;
				GCC_WARN_UNDECLARED_SELECTOR = YES;
				GCC_WARN_UNINITIALIZED_AUTOS = YES_AGGRESSIVE;
				GCC_WARN_UNUSED_FUNCTION = YES;
				GCC_WARN_UNUSED_VARIABLE = YES;
				IPHONEOS_DEPLOYMENT_TARGET = 11.2;
				MTL_ENABLE_DEBUG_INFO = YES;
				ONLY_ACTIVE_ARCH = YES;
				SDKROOT = iphoneos;
				SWIFT_ACTIVE_COMPILATION_CONDITIONS = DEBUG;
				SWIFT_OPTIMIZATION_LEVEL = "-Onone";
			};
			name = Debug;
		};
		BA2A91E8228B1F3500FD9FBC /* Release */ = {
			isa = XCBuildConfiguration;
			buildSettings = {
				ALWAYS_SEARCH_USER_PATHS = NO;
				CLANG_ANALYZER_NONNULL = YES;
				CLANG_ANALYZER_NUMBER_OBJECT_CONVERSION = YES_AGGRESSIVE;
				CLANG_CXX_LANGUAGE_STANDARD = "gnu++14";
				CLANG_CXX_LIBRARY = "libc++";
				CLANG_ENABLE_MODULES = YES;
				CLANG_ENABLE_OBJC_ARC = YES;
				CLANG_WARN_BLOCK_CAPTURE_AUTORELEASING = YES;
				CLANG_WARN_BOOL_CONVERSION = YES;
				CLANG_WARN_COMMA = YES;
				CLANG_WARN_CONSTANT_CONVERSION = YES;
				CLANG_WARN_DIRECT_OBJC_ISA_USAGE = YES_ERROR;
				CLANG_WARN_DOCUMENTATION_COMMENTS = YES;
				CLANG_WARN_EMPTY_BODY = YES;
				CLANG_WARN_ENUM_CONVERSION = YES;
				CLANG_WARN_INFINITE_RECURSION = YES;
				CLANG_WARN_INT_CONVERSION = YES;
				CLANG_WARN_NON_LITERAL_NULL_CONVERSION = YES;
				CLANG_WARN_OBJC_LITERAL_CONVERSION = YES;
				CLANG_WARN_OBJC_ROOT_CLASS = YES_ERROR;
				CLANG_WARN_RANGE_LOOP_ANALYSIS = YES;
				CLANG_WARN_STRICT_PROTOTYPES = YES;
				CLANG_WARN_SUSPICIOUS_MOVE = YES;
				CLANG_WARN_UNGUARDED_AVAILABILITY = YES_AGGRESSIVE;
				CLANG_WARN_UNREACHABLE_CODE = YES;
				CLANG_WARN__DUPLICATE_METHOD_MATCH = YES;
				CODE_SIGN_IDENTITY = "iPhone Developer";
				COPY_PHASE_STRIP = NO;
				DEBUG_INFORMATION_FORMAT = "dwarf-with-dsym";
				ENABLE_NS_ASSERTIONS = NO;
				ENABLE_STRICT_OBJC_MSGSEND = YES;
				GCC_C_LANGUAGE_STANDARD = gnu11;
				GCC_NO_COMMON_BLOCKS = YES;
				GCC_WARN_64_TO_32_BIT_CONVERSION = YES;
				GCC_WARN_ABOUT_RETURN_TYPE = YES_ERROR;
				GCC_WARN_UNDECLARED_SELECTOR = YES;
				GCC_WARN_UNINITIALIZED_AUTOS = YES_AGGRESSIVE;
				GCC_WARN_UNUSED_FUNCTION = YES;
				GCC_WARN_UNUSED_VARIABLE = YES;
				IPHONEOS_DEPLOYMENT_TARGET = 11.2;
				MTL_ENABLE_DEBUG_INFO = NO;
				SDKROOT = iphoneos;
				SWIFT_OPTIMIZATION_LEVEL = "-Owholemodule";
				VALIDATE_PRODUCT = YES;
			};
			name = Release;
		};
		BA2A91EA228B1F3500FD9FBC /* Debug */ = {
			isa = XCBuildConfiguration;
			buildSettings = {
				ASSETCATALOG_COMPILER_APPICON_NAME = AppIcon;
				CODE_SIGN_STYLE = Automatic;
				DEVELOPMENT_TEAM = 2KD74KHY5W;
				INFOPLIST_FILE = "d00m    d00m🔥/Info.plist";
				LD_RUNPATH_SEARCH_PATHS = "$(inherited) @executable_path/Frameworks";
				PRODUCT_BUNDLE_IDENTIFIER = "com.example.d00m----d00m--";
				PRODUCT_NAME = "$(TARGET_NAME)";
				SWIFT_VERSION = 4.0;
				TARGETED_DEVICE_FAMILY = "1,2";
			};
			name = Debug;
		};
		BA2A91EB228B1F3500FD9FBC /* Release */ = {
			isa = XCBuildConfiguration;
			buildSettings = {
				ASSETCATALOG_COMPILER_APPICON_NAME = AppIcon;
				CODE_SIGN_STYLE = Automatic;
				DEVELOPMENT_TEAM = 2KD74KHY5W;
				INFOPLIST_FILE = "d00m    d00m🔥/Info.plist";
				LD_RUNPATH_SEARCH_PATHS = "$(inherited) @executable_path/Frameworks";
				PRODUCT_BUNDLE_IDENTIFIER = "com.example.d00m----d00m--";
				PRODUCT_NAME = "$(TARGET_NAME)";
				SWIFT_VERSION = 4.0;
				TARGETED_DEVICE_FAMILY = "1,2";
			};
			name = Release;
		};
/* End XCBuildConfiguration section */

/* Begin XCConfigurationList section */
		BA2A91D2228B1F3500FD9FBC /* Build configuration list for PBXProject "d00m    d00m🔥" */ = {
			isa = XCConfigurationList;
			buildConfigurations = (
				BA2A91E7228B1F3500FD9FBC /* Debug */,
				BA2A91E8228B1F3500FD9FBC /* Release */,
			);
			defaultConfigurationIsVisible = 0;
			defaultConfigurationName = Release;
		};
		BA2A91E9228B1F3500FD9FBC /* Build configuration list for PBXNativeTarget "d00m    d00m🔥" */ = {
			isa = XCConfigurationList;
			buildConfigurations = (
				BA2A91EA228B1F3500FD9FBC /* Debug */,
				BA2A91EB228B1F3500FD9FBC /* Release */,
			);
			defaultConfigurationIsVisible = 0;
			defaultConfigurationName = Release;
		};
/* End XCConfigurationList section */
	};
	rootObject = BA2A91CF228B1F3500FD9FBC /* Project object */;
}
